
Microsoft Visual Studio Solution File, Format Version 12.00
# Visual Studio Version 16
VisualStudioVersion = 16.0.31515.178
MinimumVisualStudioVersion = 10.0.40219.1
Project("{FAE04EC0-301F-11D3-BF4B-00C04F79EFBC}") = "DB-Benchmark", "DB-Benchmark\DB-Benchmark.csproj", "{92558DEE-01C0-4244-BF0B-079715C7B4EB}"
EndProject
Global
	GlobalSection(SolutionConfigurationPlatforms) = preSolution
		Debug|Any CPU = Debug|Any CPU
		Release|Any CPU = Release|Any CPU
	EndGlobalSection
	GlobalSection(ProjectConfigurationPlatforms) = postSolution
		{92558DEE-01C0-4244-BF0B-079715C7B4EB}.Debug|Any CPU.ActiveCfg = Debug|Any CPU
		{92558DEE-01C0-4244-BF0B-079715C7B4EB}.Debug|Any CPU.Build.0 = Debug|Any CPU
		{92558DEE-01C0-4244-BF0B-079715C7B4EB}.Release|Any CPU.ActiveCfg = Release|Any CPU
		{92558DEE-01C0-4244-BF0B-079715C7B4EB}.Release|Any CPU.Build.0 = Release|Any CPU
	EndGlobalSection
	GlobalSection(SolutionProperties) = preSolution
		HideSolutionNode = FALSE
	EndGlobalSection
	GlobalSection(ExtensibilityGlobals) = postSolution
		SolutionGuid = {7FAF1E31-3CCE-4052-B86C-D149690D9C18}
	EndGlobalSection
EndGlobal
